
Microsoft Visual Studio Solution File, Format Version 12.00
# Visual Studio 14
VisualStudioVersion = 14.0.25420.1
MinimumVisualStudioVersion = 10.0.40219.1
Project("{FAE04EC0-301F-11D3-BF4B-00C04F79EFBC}") = "CSTry_3", "CSTry\CSTry_3.csproj", "{38452E45-5E7A-4D22-9ACE-60864F8FAE58}"
EndProject
Project("{FAE04EC0-301F-11D3-BF4B-00C04F79EFBC}") = "CSConsole", "CSConsole\CSConsole.csproj", "{97C9CBDC-141D-4CDC-A0F0-F0F9E1A3B837}"
EndProject
Project("{FAE04EC0-301F-11D3-BF4B-00C04F79EFBC}") = "CSTryTest", "..\CSTryTest\CSTryTest\CSTryTest.csproj", "{CD622EAB-41D8-4A3C-93F1-ED0274B06C6B}"
EndProject
Project("{FAE04EC0-301F-11D3-BF4B-00C04F79EFBC}") = "CSTry_4", "CSTry_4\CSTry_4.csproj", "{AC5B6CA2-91B7-49AC-BA74-4CF2DE509950}"
EndProject
Project("{FAE04EC0-301F-11D3-BF4B-00C04F79EFBC}") = "CSTry_5", "CSTry_5\CSTry_5.csproj", "{9FBBA95E-6E97-45BB-87C6-F82CF1F4C6F1}"
EndProject
Project("{FAE04EC0-301F-11D3-BF4B-00C04F79EFBC}") = "CSTry_6", "CSTry_6\CSTry_6.csproj", "{947AC86B-00DF-4CCE-868D-008AEAF56DBD}"
EndProject
Project("{FAE04EC0-301F-11D3-BF4B-00C04F79EFBC}") = "CSTry_7", "CSTry_7\CSTry_7.csproj", "{3D871F96-A3AD-4C34-9058-2724ABD7CDD0}"
EndProject
Global
	GlobalSection(SolutionConfigurationPlatforms) = preSolution
		Debug|Any CPU = Debug|Any CPU
		Release|Any CPU = Release|Any CPU
	EndGlobalSection
	GlobalSection(ProjectConfigurationPlatforms) = postSolution
		{38452E45-5E7A-4D22-9ACE-60864F8FAE58}.Debug|Any CPU.ActiveCfg = Debug|Any CPU
		{38452E45-5E7A-4D22-9ACE-60864F8FAE58}.Debug|Any CPU.Build.0 = Debug|Any CPU
		{38452E45-5E7A-4D22-9ACE-60864F8FAE58}.Release|Any CPU.ActiveCfg = Release|Any CPU
		{38452E45-5E7A-4D22-9ACE-60864F8FAE58}.Release|Any CPU.Build.0 = Release|Any CPU
		{97C9CBDC-141D-4CDC-A0F0-F0F9E1A3B837}.Debug|Any CPU.ActiveCfg = Debug|Any CPU
		{97C9CBDC-141D-4CDC-A0F0-F0F9E1A3B837}.Debug|Any CPU.Build.0 = Debug|Any CPU
		{97C9CBDC-141D-4CDC-A0F0-F0F9E1A3B837}.Release|Any CPU.ActiveCfg = Release|Any CPU
		{97C9CBDC-141D-4CDC-A0F0-F0F9E1A3B837}.Release|Any CPU.Build.0 = Release|Any CPU
		{CD622EAB-41D8-4A3C-93F1-ED0274B06C6B}.Debug|Any CPU.ActiveCfg = Debug|Any CPU
		{CD622EAB-41D8-4A3C-93F1-ED0274B06C6B}.Debug|Any CPU.Build.0 = Debug|Any CPU
		{CD622EAB-41D8-4A3C-93F1-ED0274B06C6B}.Release|Any CPU.ActiveCfg = Release|Any CPU
		{CD622EAB-41D8-4A3C-93F1-ED0274B06C6B}.Release|Any CPU.Build.0 = Release|Any CPU
		{AC5B6CA2-91B7-49AC-BA74-4CF2DE509950}.Debug|Any CPU.ActiveCfg = Debug|Any CPU
		{AC5B6CA2-91B7-49AC-BA74-4CF2DE509950}.Debug|Any CPU.Build.0 = Debug|Any CPU
		{AC5B6CA2-91B7-49AC-BA74-4CF2DE509950}.Release|Any CPU.ActiveCfg = Release|Any CPU
		{AC5B6CA2-91B7-49AC-BA74-4CF2DE509950}.Release|Any CPU.Build.0 = Release|Any CPU
		{9FBBA95E-6E97-45BB-87C6-F82CF1F4C6F1}.Debug|Any CPU.ActiveCfg = Debug|Any CPU
		{9FBBA95E-6E97-45BB-87C6-F82CF1F4C6F1}.Debug|Any CPU.Build.0 = Debug|Any CPU
		{9FBBA95E-6E97-45BB-87C6-F82CF1F4C6F1}.Release|Any CPU.ActiveCfg = Release|Any CPU
		{9FBBA95E-6E97-45BB-87C6-F82CF1F4C6F1}.Release|Any CPU.Build.0 = Release|Any CPU
		{947AC86B-00DF-4CCE-868D-008AEAF56DBD}.Debug|Any CPU.ActiveCfg = Debug|Any CPU
		{947AC86B-00DF-4CCE-868D-008AEAF56DBD}.Debug|Any CPU.Build.0 = Debug|Any CPU
		{947AC86B-00DF-4CCE-868D-008AEAF56DBD}.Release|Any CPU.ActiveCfg = Release|Any CPU
		{947AC86B-00DF-4CCE-868D-008AEAF56DBD}.Release|Any CPU.Build.0 = Release|Any CPU
		{3D871F96-A3AD-4C34-9058-2724ABD7CDD0}.Debug|Any CPU.ActiveCfg = Debug|Any CPU
		{3D871F96-A3AD-4C34-9058-2724ABD7CDD0}.Debug|Any CPU.Build.0 = Debug|Any CPU
		{3D871F96-A3AD-4C34-9058-2724ABD7CDD0}.Release|Any CPU.ActiveCfg = Release|Any CPU
		{3D871F96-A3AD-4C34-9058-2724ABD7CDD0}.Release|Any CPU.Build.0 = Release|Any CPU
	EndGlobalSection
	GlobalSection(SolutionProperties) = preSolution
		HideSolutionNode = FALSE
	EndGlobalSection
EndGlobal
